// !$*UTF8*$!
{
	archiveVersion = 1;
	classes = {
	};
	objectVersion = 56;
	objects = {

/* Begin PBXBuildFile section */
		C351751B2BE8DBFD004EB240 /* AppStorageAcrossViewsApp.swift in Sources */ = {isa = PBXBuildFile; fileRef = C351751A2BE8DBFD004EB240 /* AppStorageAcrossViewsApp.swift */; };
		C351751D2BE8DBFD004EB240 /* ContentView.swift in Sources */ = {isa = PBXBuildFile; fileRef = C351751C2BE8DBFD004EB240 /* ContentView.swift */; };
		C351751F2BE8DBFF004EB240 /* Assets.xcassets in Resources */ = {isa = PBXBuildFile; fileRef = C351751E2BE8DBFF004EB240 /* Assets.xcassets */; };
		C35175222BE8DBFF004EB240 /* Preview Assets.xcassets in Resources */ = {isa = PBXBuildFile; fileRef = C35175212BE8DBFF004EB240 /* Preview Assets.xcassets */; };
		C35175292BE8E44B004EB240 /* TabOne.swift in Sources */ = {isa = PBXBuildFile; fileRef = C35175282BE8E44B004EB240 /* TabOne.swift */; };
		C351752B2BE8E457004EB240 /* TabTwo.swift in Sources */ = {isa = PBXBuildFile; fileRef = C351752A2BE8E457004EB240 /* TabTwo.swift */; };
		C351752D2BE93741004EB240 /* LICENSE in Resources */ = {isa = PBXBuildFile; fileRef = C351752C2BE93741004EB240 /* LICENSE */; };
		C351752F2BE937AE004EB240 /* README.md in Resources */ = {isa = PBXBuildFile; fileRef = C351752E2BE937AE004EB240 /* README.md */; };
/* End PBXBuildFile section */

/* Begin PBXFileReference section */
		C35175172BE8DBFD004EB240 /* AppStorageAcrossViews.app */ = {isa = PBXFileReference; explicitFileType = wrapper.application; includeInIndex = 0; path = AppStorageAcrossViews.app; sourceTree = BUILT_PRODUCTS_DIR; };
		C351751A2BE8DBFD004EB240 /* AppStorageAcrossViewsApp.swift */ = {isa = PBXFileReference; lastKnownFileType = sourcecode.swift; path = AppStorageAcrossViewsApp.swift; sourceTree = "<group>"; };
		C351751C2BE8DBFD004EB240 /* ContentView.swift */ = {isa = PBXFileReference; lastKnownFileType = sourcecode.swift; path = ContentView.swift; sourceTree = "<group>"; };
		C351751E2BE8DBFF004EB240 /* Assets.xcassets */ = {isa = PBXFileReference; lastKnownFileType = folder.assetcatalog; path = Assets.xcassets; sourceTree = "<group>"; };
		C35175212BE8DBFF004EB240 /* Preview Assets.xcassets */ = {isa = PBXFileReference; lastKnownFileType = folder.assetcatalog; path = "Preview Assets.xcassets"; sourceTree = "<group>"; };
		C35175282BE8E44B004EB240 /* TabOne.swift */ = {isa = PBXFileReference; lastKnownFileType = sourcecode.swift; path = TabOne.swift; sourceTree = "<group>"; };
		C351752A2BE8E457004EB240 /* TabTwo.swift */ = {isa = PBXFileReference; lastKnownFileType = sourcecode.swift; path = TabTwo.swift; sourceTree = "<group>"; };
		C351752C2BE93741004EB240 /* LICENSE */ = {isa = PBXFileReference; lastKnownFileType = folder; path = LICENSE; sourceTree = "<group>"; };
		C351752E2BE937AE004EB240 /* README.md */ = {isa = PBXFileReference; fileEncoding = 4; lastKnownFileType = net.daringfireball.markdown; path = README.md; sourceTree = "<group>"; };
/* End PBXFileReference section */

/* Begin PBXFrameworksBuildPhase section */
		C35175142BE8DBFD004EB240 /* Frameworks */ = {
			isa = PBXFrameworksBuildPhase;
			buildActionMask = 2147483647;
			files = (
			);
			runOnlyForDeploymentPostprocessing = 0;
		};
/* End PBXFrameworksBuildPhase section */

/* Begin PBXGroup section */
		C351750E2BE8DBFD004EB240 = {
			isa = PBXGroup;
			children = (
				C351752E2BE937AE004EB240 /* README.md */,
				C35175192BE8DBFD004EB240 /* AppStorageAcrossViews */,
				C351752C2BE93741004EB240 /* LICENSE */,
				C35175182BE8DBFD004EB240 /* Products */,
			);
			sourceTree = "<group>";
		};
		C35175182BE8DBFD004EB240 /* Products */ = {
			isa = PBXGroup;
			children = (
				C35175172BE8DBFD004EB240 /* AppStorageAcrossViews.app */,
			);
			name = Products;
			sourceTree = "<group>";
		};
		C35175192BE8DBFD004EB240 /* AppStorageAcrossViews */ = {
			isa = PBXGroup;
			children = (
				C351751A2BE8DBFD004EB240 /* AppStorageAcrossViewsApp.swift */,
				C351751C2BE8DBFD004EB240 /* ContentView.swift */,
				C35175282BE8E44B004EB240 /* TabOne.swift */,
				C351752A2BE8E457004EB240 /* TabTwo.swift */,
				C351751E2BE8DBFF004EB240 /* Assets.xcassets */,
				C35175202BE8DBFF004EB240 /* Preview Content */,
			);
			path = AppStorageAcrossViews;
			sourceTree = "<group>";
		};
		C35175202BE8DBFF004EB240 /* Preview Content */ = {
			isa = PBXGroup;
			children = (
				C35175212BE8DBFF004EB240 /* Preview Assets.xcassets */,
			);
			path = "Preview Content";
			sourceTree = "<group>";
		};
/* End PBXGroup section */

/* Begin PBXNativeTarget section */
		C35175162BE8DBFD004EB240 /* AppStorageAcrossViews */ = {
			isa = PBXNativeTarget;
			buildConfigurationList = C35175252BE8DBFF004EB240 /* Build configuration list for PBXNativeTarget "AppStorageAcrossViews" */;
			buildPhases = (
				C35175132BE8DBFD004EB240 /* Sources */,
				C35175142BE8DBFD004EB240 /* Frameworks */,
				C35175152BE8DBFD004EB240 /* Resources */,
			);
			buildRules = (
			);
			dependencies = (
			);
			name = AppStorageAcrossViews;
			productName = AppStorageAcrossViews;
			productReference = C35175172BE8DBFD004EB240 /* AppStorageAcrossViews.app */;
			productType = "com.apple.product-type.application";
		};
/* End PBXNativeTarget section */

/* Begin PBXProject section */
		C351750F2BE8DBFD004EB240 /* Project object */ = {
			isa = PBXProject;
			attributes = {
				BuildIndependentTargetsInParallel = 1;
				LastSwiftUpdateCheck = 1530;
				LastUpgradeCheck = 1530;
				TargetAttributes = {
					C35175162BE8DBFD004EB240 = {
						CreatedOnToolsVersion = 15.3;
					};
				};
			};
			buildConfigurationList = C35175122BE8DBFD004EB240 /* Build configuration list for PBXProject "AppStorageAcrossViews" */;
			compatibilityVersion = "Xcode 14.0";
			developmentRegion = en;
			hasScannedForEncodings = 0;
			knownRegions = (
				en,
				Base,
			);
			mainGroup = C351750E2BE8DBFD004EB240;
			productRefGroup = C35175182BE8DBFD004EB240 /* Products */;
			projectDirPath = "";
			projectRoot = "";
			targets = (
				C35175162BE8DBFD004EB240 /* AppStorageAcrossViews */,
			);
		};
/* End PBXProject section */

/* Begin PBXResourcesBuildPhase section */
		C35175152BE8DBFD004EB240 /* Resources */ = {
			isa = PBXResourcesBuildPhase;
			buildActionMask = 2147483647;
			files = (
				C351752D2BE93741004EB240 /* LICENSE in Resources */,
				C35175222BE8DBFF004EB240 /* Preview Assets.xcassets in Resources */,
				C351752F2BE937AE004EB240 /* README.md in Resources */,
				C351751F2BE8DBFF004EB240 /* Assets.xcassets in Resources */,
			);
			runOnlyForDeploymentPostprocessing = 0;
		};
/* End PBXResourcesBuildPhase section */

/* Begin PBXSourcesBuildPhase section */
		C35175132BE8DBFD004EB240 /* Sources */ = {
			isa = PBXSourcesBuildPhase;
			buildActionMask = 2147483647;
			files = (
				C351752B2BE8E457004EB240 /* TabTwo.swift in Sources */,
				C351751D2BE8DBFD004EB240 /* ContentView.swift in Sources */,
				C35175292BE8E44B004EB240 /* TabOne.swift in Sources */,
				C351751B2BE8DBFD004EB240 /* AppStorageAcrossViewsApp.swift in Sources */,
			);
			runOnlyForDeploymentPostprocessing = 0;
		};
/* End PBXSourcesBuildPhase section */

/* Begin XCBuildConfiguration section */
		C35175232BE8DBFF004EB240 /* Debug */ = {
			isa = XCBuildConfiguration;
			buildSettings = {
				ALWAYS_SEARCH_USER_PATHS = NO;
				ASSETCATALOG_COMPILER_GENERATE_SWIFT_ASSET_SYMBOL_EXTENSIONS = YES;
				CLANG_ANALYZER_NONNULL = YES;
				CLANG_ANALYZER_NUMBER_OBJECT_CONVERSION = YES_AGGRESSIVE;
				CLANG_CXX_LANGUAGE_STANDARD = "gnu++20";
				CLANG_ENABLE_MODULES = YES;
				CLANG_ENABLE_OBJC_ARC = YES;
				CLANG_ENABLE_OBJC_WEAK = YES;
				CLANG_WARN_BLOCK_CAPTURE_AUTORELEASING = YES;
				CLANG_WARN_BOOL_CONVERSION = YES;
				CLANG_WARN_COMMA = YES;
				CLANG_WARN_CONSTANT_CONVERSION = YES;
				CLANG_WARN_DEPRECATED_OBJC_IMPLEMENTATIONS = YES;
				CLANG_WARN_DIRECT_OBJC_ISA_USAGE = YES_ERROR;
				CLANG_WARN_DOCUMENTATION_COMMENTS = YES;
				CLANG_WARN_EMPTY_BODY = YES;
				CLANG_WARN_ENUM_CONVERSION = YES;
				CLANG_WARN_INFINITE_RECURSION = YES;
				CLANG_WARN_INT_CONVERSION = YES;
				CLANG_WARN_NON_LITERAL_NULL_CONVERSION = YES;
				CLANG_WARN_OBJC_IMPLICIT_RETAIN_SELF = YES;
				CLANG_WARN_OBJC_LITERAL_CONVERSION = YES;
				CLANG_WARN_OBJC_ROOT_CLASS = YES_ERROR;
				CLANG_WARN_QUOTED_INCLUDE_IN_FRAMEWORK_HEADER = YES;
				CLANG_WARN_RANGE_LOOP_ANALYSIS = YES;
				CLANG_WARN_STRICT_PROTOTYPES = YES;
				CLANG_WARN_SUSPICIOUS_MOVE = YES;
				CLANG_WARN_UNGUARDED_AVAILABILITY = YES_AGGRESSIVE;
				CLANG_WARN_UNREACHABLE_CODE = YES;
				CLANG_WARN__DUPLICATE_METHOD_MATCH = YES;
				COPY_PHASE_STRIP = NO;
				DEBUG_INFORMATION_FORMAT = dwarf;
				ENABLE_STRICT_OBJC_MSGSEND = YES;
				ENABLE_TESTABILITY = YES;
				ENABLE_USER_SCRIPT_SANDBOXING = YES;
				GCC_C_LANGUAGE_STANDARD = gnu17;
				GCC_DYNAMIC_NO_PIC = NO;
				GCC_NO_COMMON_BLOCKS = YES;
				GCC_OPTIMIZATION_LEVEL = 0;
				GCC_PREPROCESSOR_DEFINITIONS = (
					"DEBUG=1",
					"$(inherited)",
				);
				GCC_WARN_64_TO_32_BIT_CONVERSION = YES;
				GCC_WARN_ABOUT_RETURN_TYPE = YES_ERROR;
				GCC_WARN_UNDECLARED_SELECTOR = YES;
				GCC_WARN_UNINITIALIZED_AUTOS = YES_AGGRESSIVE;
				GCC_WARN_UNUSED_FUNCTION = YES;
				GCC_WARN_UNUSED_VARIABLE = YES;
				IPHONEOS_DEPLOYMENT_TARGET = 16.0;
				LOCALIZATION_PREFERS_STRING_CATALOGS = YES;
				MTL_ENABLE_DEBUG_INFO = INCLUDE_SOURCE;
				MTL_FAST_MATH = YES;
				ONLY_ACTIVE_ARCH = YES;
				SDKROOT = iphoneos;
				SWIFT_ACTIVE_COMPILATION_CONDITIONS = "DEBUG $(inherited)";
				SWIFT_OPTIMIZATION_LEVEL = "-Onone";
			};
			name = Debug;
		};
		C35175242BE8DBFF004EB240 /* Release */ = {
			isa = XCBuildConfiguration;
			buildSettings = {
				ALWAYS_SEARCH_USER_PATHS = NO;
				ASSETCATALOG_COMPILER_GENERATE_SWIFT_ASSET_SYMBOL_EXTENSIONS = YES;
				CLANG_ANALYZER_NONNULL = YES;
				CLANG_ANALYZER_NUMBER_OBJECT_CONVERSION = YES_AGGRESSIVE;
				CLANG_CXX_LANGUAGE_STANDARD = "gnu++20";
				CLANG_ENABLE_MODULES = YES;
				CLANG_ENABLE_OBJC_ARC = YES;
				CLANG_ENABLE_OBJC_WEAK = YES;
				CLANG_WARN_BLOCK_CAPTURE_AUTORELEASING = YES;
				CLANG_WARN_BOOL_CONVERSION = YES;
				CLANG_WARN_COMMA = YES;
				CLANG_WARN_CONSTANT_CONVERSION = YES;
				CLANG_WARN_DEPRECATED_OBJC_IMPLEMENTATIONS = YES;
				CLANG_WARN_DIRECT_OBJC_ISA_USAGE = YES_ERROR;
				CLANG_WARN_DOCUMENTATION_COMMENTS = YES;
				CLANG_WARN_EMPTY_BODY = YES;
				CLANG_WARN_ENUM_CONVERSION = YES;
				CLANG_WARN_INFINITE_RECURSION = YES;
				CLANG_WARN_INT_CONVERSION = YES;
				CLANG_WARN_NON_LITERAL_NULL_CONVERSION = YES;
				CLANG_WARN_OBJC_IMPLICIT_RETAIN_SELF = YES;
				CLANG_WARN_OBJC_LITERAL_CONVERSION = YES;
				CLANG_WARN_OBJC_ROOT_CLASS = YES_ERROR;
				CLANG_WARN_QUOTED_INCLUDE_IN_FRAMEWORK_HEADER = YES;
				CLANG_WARN_RANGE_LOOP_ANALYSIS = YES;
				CLANG_WARN_STRICT_PROTOTYPES = YES;
				CLANG_WARN_SUSPICIOUS_MOVE = YES;
				CLANG_WARN_UNGUARDED_AVAILABILITY = YES_AGGRESSIVE;
				CLANG_WARN_UNREACHABLE_CODE = YES;
				CLANG_WARN__DUPLICATE_METHOD_MATCH = YES;
				COPY_PHASE_STRIP = NO;
				DEBUG_INFORMATION_FORMAT = "dwarf-with-dsym";
				ENABLE_NS_ASSERTIONS = NO;
				ENABLE_STRICT_OBJC_MSGSEND = YES;
				ENABLE_USER_SCRIPT_SANDBOXING = YES;
				GCC_C_LANGUAGE_STANDARD = gnu17;
				GCC_NO_COMMON_BLOCKS = YES;
				GCC_WARN_64_TO_32_BIT_CONVERSION = YES;
				GCC_WARN_ABOUT_RETURN_TYPE = YES_ERROR;
				GCC_WARN_UNDECLARED_SELECTOR = YES;
				GCC_WARN_UNINITIALIZED_AUTOS = YES_AGGRESSIVE;
				GCC_WARN_UNUSED_FUNCTION = YES;
				GCC_WARN_UNUSED_VARIABLE = YES;
				IPHONEOS_DEPLOYMENT_TARGET = 16.0;
				LOCALIZATION_PREFERS_STRING_CATALOGS = YES;
				MTL_ENABLE_DEBUG_INFO = NO;
				MTL_FAST_MATH = YES;
				SDKROOT = iphoneos;
				SWIFT_COMPILATION_MODE = wholemodule;
				VALIDATE_PRODUCT = YES;
			};
			name = Release;
		};
		C35175262BE8DBFF004EB240 /* Debug */ = {
			isa = XCBuildConfiguration;
			buildSettings = {
				ASSETCATALOG_COMPILER_APPICON_NAME = AppIcon;
				ASSETCATALOG_COMPILER_GLOBAL_ACCENT_COLOR_NAME = AccentColor;
				CODE_SIGN_STYLE = Automatic;
				CURRENT_PROJECT_VERSION = 1;
				DEVELOPMENT_ASSET_PATHS = "\"AppStorageAcrossViews/Preview Content\"";
				DEVELOPMENT_TEAM = Y2Q9QLDA5Q;
				ENABLE_PREVIEWS = YES;
				GENERATE_INFOPLIST_FILE = YES;
				INFOPLIST_KEY_UIApplicationSceneManifest_Generation = YES;
				INFOPLIST_KEY_UIApplicationSupportsIndirectInputEvents = YES;
				INFOPLIST_KEY_UILaunchScreen_Generation = YES;
				INFOPLIST_KEY_UISupportedInterfaceOrientations_iPad = "UIInterfaceOrientationPortrait UIInterfaceOrientationPortraitUpsideDown UIInterfaceOrientationLandscapeLeft UIInterfaceOrientationLandscapeRight";
				INFOPLIST_KEY_UISupportedInterfaceOrientations_iPhone = "UIInterfaceOrientationPortrait UIInterfaceOrientationLandscapeLeft UIInterfaceOrientationLandscapeRight";
				IPHONEOS_DEPLOYMENT_TARGET = 16.0;
				LD_RUNPATH_SEARCH_PATHS = (
					"$(inherited)",
					"@executable_path/Frameworks",
				);
				MARKETING_VERSION = 1.0;
				PRODUCT_BUNDLE_IDENTIFIER = com.emrebarish.AppStorageAcrossViews;
				PRODUCT_NAME = "$(TARGET_NAME)";
				SUPPORTED_PLATFORMS = "iphoneos iphonesimulator";
				SUPPORTS_MACCATALYST = NO;
				SUPPORTS_MAC_DESIGNED_FOR_IPHONE_IPAD = NO;
				SUPPORTS_XR_DESIGNED_FOR_IPHONE_IPAD = NO;
				SWIFT_EMIT_LOC_STRINGS = YES;
				SWIFT_VERSION = 5.0;
				TARGETED_DEVICE_FAMILY = 1;
			};
			name = Debug;
		};
		C35175272BE8DBFF004EB240 /* Release */ = {
			isa = XCBuildConfiguration;
			buildSettings = {
				ASSETCATALOG_COMPILER_APPICON_NAME = AppIcon;
				ASSETCATALOG_COMPILER_GLOBAL_ACCENT_COLOR_NAME = AccentColor;
				CODE_SIGN_STYLE = Automatic;
				CURRENT_PROJECT_VERSION = 1;
				DEVELOPMENT_ASSET_PATHS = "\"AppStorageAcrossViews/Preview Content\"";
				DEVELOPMENT_TEAM = Y2Q9QLDA5Q;
				ENABLE_PREVIEWS = YES;
				GENERATE_INFOPLIST_FILE = YES;
				INFOPLIST_KEY_UIApplicationSceneManifest_Generation = YES;
				INFOPLIST_KEY_UIApplicationSupportsIndirectInputEvents = YES;
				INFOPLIST_KEY_UILaunchScreen_Generation = YES;
				INFOPLIST_KEY_UISupportedInterfaceOrientations_iPad = "UIInterfaceOrientationPortrait UIInterfaceOrientationPortraitUpsideDown UIInterfaceOrientationLandscapeLeft UIInterfaceOrientationLandscapeRight";
				INFOPLIST_KEY_UISupportedInterfaceOrientations_iPhone = "UIInterfaceOrientationPortrait UIInterfaceOrientationLandscapeLeft UIInterfaceOrientationLandscapeRight";
				IPHONEOS_DEPLOYMENT_TARGET = 16.0;
				LD_RUNPATH_SEARCH_PATHS = (
					"$(inherited)",
					"@executable_path/Frameworks",
				);
				MARKETING_VERSION = 1.0;
				PRODUCT_BUNDLE_IDENTIFIER = com.emrebarish.AppStorageAcrossViews;
				PRODUCT_NAME = "$(TARGET_NAME)";
				SUPPORTED_PLATFORMS = "iphoneos iphonesimulator";
				SUPPORTS_MACCATALYST = NO;
				SUPPORTS_MAC_DESIGNED_FOR_IPHONE_IPAD = NO;
				SUPPORTS_XR_DESIGNED_FOR_IPHONE_IPAD = NO;
				SWIFT_EMIT_LOC_STRINGS = YES;
				SWIFT_VERSION = 5.0;
				TARGETED_DEVICE_FAMILY = 1;
			};
			name = Release;
		};
/* End XCBuildConfiguration section */

/* Begin XCConfigurationList section */
		C35175122BE8DBFD004EB240 /* Build configuration list for PBXProject "AppStorageAcrossViews" */ = {
			isa = XCConfigurationList;
			buildConfigurations = (
				C35175232BE8DBFF004EB240 /* Debug */,
				C35175242BE8DBFF004EB240 /* Release */,
			);
			defaultConfigurationIsVisible = 0;
			defaultConfigurationName = Release;
		};
		C35175252BE8DBFF004EB240 /* Build configuration list for PBXNativeTarget "AppStorageAcrossViews" */ = {
			isa = XCConfigurationList;
			buildConfigurations = (
				C35175262BE8DBFF004EB240 /* Debug */,
				C35175272BE8DBFF004EB240 /* Release */,
			);
			defaultConfigurationIsVisible = 0;
			defaultConfigurationName = Release;
		};
/* End XCConfigurationList section */
	};
	rootObject = C351750F2BE8DBFD004EB240 /* Project object */;
}
